
Microsoft Visual Studio Solution File, Format Version 12.00
# Visual Studio Version 17
VisualStudioVersion = 17.9.34622.214
MinimumVisualStudioVersion = 10.0.40219.1
Project("{FAE04EC0-301F-11D3-BF4B-00C04F79EFBC}") = "NetworkUtility", "NetworkUtility.Tests\NetworkUtility.csproj", "{ABAC3D37-35C4-44B9-B1DF-B05FC86827C5}"
EndProject
Project("{FAE04EC0-301F-11D3-BF4B-00C04F79EFBC}") = "NetworkUtility.TestsMain", "NetworkUtility.TestsMain\NetworkUtility.TestsMain.csproj", "{135914B0-B3F3-41E1-8B0F-71924ED95EEC}"
EndProject
Global
	GlobalSection(SolutionConfigurationPlatforms) = preSolution
		Debug|Any CPU = Debug|Any CPU
		Release|Any CPU = Release|Any CPU
	EndGlobalSection
	GlobalSection(ProjectConfigurationPlatforms) = postSolution
		{ABAC3D37-35C4-44B9-B1DF-B05FC86827C5}.Debug|Any CPU.ActiveCfg = Debug|Any CPU
		{ABAC3D37-35C4-44B9-B1DF-B05FC86827C5}.Debug|Any CPU.Build.0 = Debug|Any CPU
		{ABAC3D37-35C4-44B9-B1DF-B05FC86827C5}.Release|Any CPU.ActiveCfg = Release|Any CPU
		{ABAC3D37-35C4-44B9-B1DF-B05FC86827C5}.Release|Any CPU.Build.0 = Release|Any CPU
		{135914B0-B3F3-41E1-8B0F-71924ED95EEC}.Debug|Any CPU.ActiveCfg = Debug|Any CPU
		{135914B0-B3F3-41E1-8B0F-71924ED95EEC}.Debug|Any CPU.Build.0 = Debug|Any CPU
		{135914B0-B3F3-41E1-8B0F-71924ED95EEC}.Release|Any CPU.ActiveCfg = Release|Any CPU
		{135914B0-B3F3-41E1-8B0F-71924ED95EEC}.Release|Any CPU.Build.0 = Release|Any CPU
	EndGlobalSection
	GlobalSection(SolutionProperties) = preSolution
		HideSolutionNode = FALSE
	EndGlobalSection
	GlobalSection(ExtensibilityGlobals) = postSolution
		SolutionGuid = {15B469D8-CC35-4B9B-BBED-4E3257B5E182}
	EndGlobalSection
EndGlobal
